
Microsoft Visual Studio Solution File, Format Version 12.00
# Visual Studio Version 16
VisualStudioVersion = 16.0.28803.352
MinimumVisualStudioVersion = 10.0.40219.1
Project("{FAE04EC0-301F-11D3-BF4B-00C04F79EFBC}") = "Senai_Pizzarias_extra WebApi", "Senai_Pizzarias_extra WebApi\Senai_Pizzarias_extra WebApi.csproj", "{2EAE467D-E029-48B5-9E68-EC7B05407C1C}"
EndProject
Global
	GlobalSection(SolutionConfigurationPlatforms) = preSolution
		Debug|Any CPU = Debug|Any CPU
		Release|Any CPU = Release|Any CPU
	EndGlobalSection
	GlobalSection(ProjectConfigurationPlatforms) = postSolution
		{2EAE467D-E029-48B5-9E68-EC7B05407C1C}.Debug|Any CPU.ActiveCfg = Debug|Any CPU
		{2EAE467D-E029-48B5-9E68-EC7B05407C1C}.Debug|Any CPU.Build.0 = Debug|Any CPU
		{2EAE467D-E029-48B5-9E68-EC7B05407C1C}.Release|Any CPU.ActiveCfg = Release|Any CPU
		{2EAE467D-E029-48B5-9E68-EC7B05407C1C}.Release|Any CPU.Build.0 = Release|Any CPU
	EndGlobalSection
	GlobalSection(SolutionProperties) = preSolution
		HideSolutionNode = FALSE
	EndGlobalSection
	GlobalSection(ExtensibilityGlobals) = postSolution
		SolutionGuid = {A0DDBB44-2EB2-4456-AA11-98D83C4B2F33}
	EndGlobalSection
EndGlobal
